<?xml version="1.0" encoding="utf-8"?>
<Project ToolsVersion="4.0" xmlns="http://schemas.microsoft.com/developer/msbuild/2003">
  <ItemGroup>
    <Filter Include="Source Files">
      <UniqueIdentifier>{4FC737F1-C7A5-4376-A066-2A32D752A2FF}</UniqueIdentifier>
      <Extensions>cpp;c;cc;cxx;c++;cppm;ixx;def;odl;idl;hpj;bat;asm;asmx</Extensions>
    </Filter>
    <Filter Include="Header Files">
      <UniqueIdentifier>{93995380-89BD-4b04-88EB-625FBE52EBFB}</UniqueIdentifier>
      <Extensions>h;hh;hpp;hxx;h++;hm;inl;inc;ipp;xsd</Extensions>
    </Filter>
    <Filter Include="Resource Files">
      <UniqueIdentifier>{67DA6AB6-F800-4c08-8B7A-83BB121AAD01}</UniqueIdentifier>
      <Extensions>rc;ico;cur;bmp;dlg;rc2;rct;bin;rgs;gif;jpg;jpeg;jpe;resx;tiff;tif;png;wav;mfcribbon-ms</Extensions>
    </Filter>
    <Filter Include="Header Files\detours">
      <UniqueIdentifier>{8ca3daf4-1239-415d-aa14-8539e889b0d5}</UniqueIdentifier>
    </Filter>
    <Filter Include="Source Files\detours">
      <UniqueIdentifier>{c369bec6-ec1f-4fd9-99a8-54e8b4770ac6}</UniqueIdentifier>
    </Filter>
  </ItemGroup>
  <ItemGroup>
    <ClInclude Include="framework.h">
      <Filter>Header Files</Filter>
    </ClInclude>
    <ClInclude Include="pch.h">
      <Filter>Header Files</Filter>
    </ClInclude>
    <ClInclude Include="stub.h">
      <Filter>Header Files</Filter>
    </ClInclude>
    <ClInclude Include="speedhack.h">
      <Filter>Header Files</Filter>
    </ClInclude>
    <ClInclude Include="include\detours\detours.h">
      <Filter>Header Files\detours</Filter>
    </ClInclude>
    <ClInclude Include="include\detours\detver.h">
      <Filter>Header Files\detours</Filter>
    </ClInclude>
    <ClInclude Include="include\detours\uimports.h">
      <Filter>Header Files\detours</Filter>
    </ClInclude>
  </ItemGroup>
  <ItemGroup>
    <ClCompile Include="main.cpp">
      <Filter>Source Files</Filter>
    </ClCompile>
    <ClCompile Include="pch.cpp">
      <Filter>Source Files</Filter>
    </ClCompile>
    <ClCompile Include="stub.cpp">
      <Filter>Source Files</Filter>
    </ClCompile>
    <ClCompile Include="speedhack.cpp">
      <Filter>Source Files</Filter>
    </ClCompile>
    <ClCompile Include="src\detours\creatwth.cpp">
      <Filter>Source Files\detours</Filter>
    </ClCompile>
    <ClCompile Include="src\detours\detours.cpp">
      <Filter>Source Files\detours</Filter>
    </ClCompile>
    <ClCompile Include="src\detours\disasm.cpp">
      <Filter>Source Files\detours</Filter>
    </ClCompile>
    <ClCompile Include="src\detours\image.cpp">
      <Filter>Source Files\detours</Filter>
    </ClCompile>
    <ClCompile Include="src\detours\modules.cpp">
      <Filter>Source Files\detours</Filter>
    </ClCompile>
  </ItemGroup>
  <ItemGroup>
    <None Include="exports.def">
      <Filter>Source Files</Filter>
    </None>
  </ItemGroup>
</Project>